// !$*UTF8*$!
{
	archiveVersion = 1;
	classes = {
	};
	objectVersion = 56;
	objects = {

/* Begin PBXBuildFile section */
		954B6FB92B6AC75C006A292C /* AccountSummaryViewController+Network.swift in Sources */ = {isa = PBXBuildFile; fileRef = 954B6FB82B6AC75C006A292C /* AccountSummaryViewController+Network.swift */; };
		954B6FBC2B6AC799006A292C /* NetworkErrorEnum.swift in Sources */ = {isa = PBXBuildFile; fileRef = 954B6FBB2B6AC799006A292C /* NetworkErrorEnum.swift */; };
		954B6FBF2B6AC7F2006A292C /* ProfileModel.swift in Sources */ = {isa = PBXBuildFile; fileRef = 954B6FBE2B6AC7F2006A292C /* ProfileModel.swift */; };
		954B6FCD2B6AC9F4006A292C /* ServiceTypeEnum.swift in Sources */ = {isa = PBXBuildFile; fileRef = 954B6FCC2B6AC9F4006A292C /* ServiceTypeEnum.swift */; };
		954B6FCF2B6ACD8F006A292C /* AccountModel.swift in Sources */ = {isa = PBXBuildFile; fileRef = 954B6FCE2B6ACD8F006A292C /* AccountModel.swift */; };
		954B6FD12B6ACDE1006A292C /* AccountTypeEnum.swift in Sources */ = {isa = PBXBuildFile; fileRef = 954B6FD02B6ACDE1006A292C /* AccountTypeEnum.swift */; };
		954B6FD32B6AD2CC006A292C /* Date+Utils.swift in Sources */ = {isa = PBXBuildFile; fileRef = 954B6FD22B6AD2CC006A292C /* Date+Utils.swift */; };
		954B6FD72B6AE0A8006A292C /* ProfileTests.swift in Sources */ = {isa = PBXBuildFile; fileRef = 954B6FD62B6AE0A8006A292C /* ProfileTests.swift */; };
		9560D0382B6905C300F95927 /* AccountSummaryCell.swift in Sources */ = {isa = PBXBuildFile; fileRef = 9560D0372B6905C300F95927 /* AccountSummaryCell.swift */; };
		9560D03A2B691A3D00F95927 /* Decimal+Util.swift in Sources */ = {isa = PBXBuildFile; fileRef = 9560D0392B691A3D00F95927 /* Decimal+Util.swift */; };
		9560D03C2B691A8700F95927 /* CurrencyFormatter.swift in Sources */ = {isa = PBXBuildFile; fileRef = 9560D03B2B691A8700F95927 /* CurrencyFormatter.swift */; };
		9560D04B2B692CBD00F95927 /* CurrencyFormatterTests.swift in Sources */ = {isa = PBXBuildFile; fileRef = 9560D04A2B692CBD00F95927 /* CurrencyFormatterTests.swift */; };
		9560D04D2B694A6E00F95927 /* NSNotificationName.swift in Sources */ = {isa = PBXBuildFile; fileRef = 9560D04C2B694A6E00F95927 /* NSNotificationName.swift */; };
		9560D04F2B694C4100F95927 /* UITextField+SecureToggle.swift in Sources */ = {isa = PBXBuildFile; fileRef = 9560D04E2B694C4100F95927 /* UITextField+SecureToggle.swift */; };
		9560D0522B6977DB00F95927 /* ShakeyBellView.swift in Sources */ = {isa = PBXBuildFile; fileRef = 9560D0512B6977DB00F95927 /* ShakeyBellView.swift */; };
		957156592B682CA600E21737 /* LocalState.swift in Sources */ = {isa = PBXBuildFile; fileRef = 957156582B682CA600E21737 /* LocalState.swift */; };
		9571565B2B68325100E21737 /* UIViewController+Utils.swift in Sources */ = {isa = PBXBuildFile; fileRef = 9571565A2B68325100E21737 /* UIViewController+Utils.swift */; };
		9571565D2B68339600E21737 /* MainViewController.swift in Sources */ = {isa = PBXBuildFile; fileRef = 9571565C2B68339600E21737 /* MainViewController.swift */; };
		957156602B683ED200E21737 /* AccountSummaryViewController.swift in Sources */ = {isa = PBXBuildFile; fileRef = 9571565F2B683ED200E21737 /* AccountSummaryViewController.swift */; };
		957156622B68426200E21737 /* AccountSummaryHeaderView.swift in Sources */ = {isa = PBXBuildFile; fileRef = 957156612B68426200E21737 /* AccountSummaryHeaderView.swift */; };
		957156642B68428B00E21737 /* AccountSummaryHeaderView.xib in Resources */ = {isa = PBXBuildFile; fileRef = 957156632B68428B00E21737 /* AccountSummaryHeaderView.xib */; };
		958982B02B72780B006A9E42 /* AccountTests.swift in Sources */ = {isa = PBXBuildFile; fileRef = 958982AF2B72780B006A9E42 /* AccountTests.swift */; };
		958982B22B72AC1F006A9E42 /* SkeletonLoadable.swift in Sources */ = {isa = PBXBuildFile; fileRef = 958982B12B72AC1F006A9E42 /* SkeletonLoadable.swift */; };
		958982B42B72ADBB006A9E42 /* SkeletonCell.swift in Sources */ = {isa = PBXBuildFile; fileRef = 958982B32B72ADBB006A9E42 /* SkeletonCell.swift */; };
		959ABAFB2B65A4510057D0F7 /* AppDelegate.swift in Sources */ = {isa = PBXBuildFile; fileRef = 959ABAFA2B65A4510057D0F7 /* AppDelegate.swift */; };
		959ABAFF2B65A4510057D0F7 /* LoginViewController.swift in Sources */ = {isa = PBXBuildFile; fileRef = 959ABAFE2B65A4510057D0F7 /* LoginViewController.swift */; };
		959ABB042B65A4520057D0F7 /* Assets.xcassets in Resources */ = {isa = PBXBuildFile; fileRef = 959ABB032B65A4520057D0F7 /* Assets.xcassets */; };
		959ABB072B65A4520057D0F7 /* LaunchScreen.storyboard in Resources */ = {isa = PBXBuildFile; fileRef = 959ABB052B65A4520057D0F7 /* LaunchScreen.storyboard */; };
		959ABB112B65A9140057D0F7 /* LoginView.swift in Sources */ = {isa = PBXBuildFile; fileRef = 959ABB102B65A9140057D0F7 /* LoginView.swift */; };
		95F3228D2B66EF440000999E /* OnboardingContainerViewController.swift in Sources */ = {isa = PBXBuildFile; fileRef = 95F3228C2B66EF440000999E /* OnboardingContainerViewController.swift */; };
		95F3228F2B66FA140000999E /* OnboardingViewController.swift in Sources */ = {isa = PBXBuildFile; fileRef = 95F3228E2B66FA140000999E /* OnboardingViewController.swift */; };
/* End PBXBuildFile section */

/* Begin PBXContainerItemProxy section */
		9560D0452B692C3B00F95927 /* PBXContainerItemProxy */ = {
			isa = PBXContainerItemProxy;
			containerPortal = 959ABAEF2B65A4510057D0F7 /* Project object */;
			proxyType = 1;
			remoteGlobalIDString = 959ABAF62B65A4510057D0F7;
			remoteInfo = Bankey;
		};
/* End PBXContainerItemProxy section */

/* Begin PBXFileReference section */
		954B6FB82B6AC75C006A292C /* AccountSummaryViewController+Network.swift */ = {isa = PBXFileReference; lastKnownFileType = sourcecode.swift; path = "AccountSummaryViewController+Network.swift"; sourceTree = "<group>"; };
		954B6FBB2B6AC799006A292C /* NetworkErrorEnum.swift */ = {isa = PBXFileReference; lastKnownFileType = sourcecode.swift; path = NetworkErrorEnum.swift; sourceTree = "<group>"; };
		954B6FBE2B6AC7F2006A292C /* ProfileModel.swift */ = {isa = PBXFileReference; lastKnownFileType = sourcecode.swift; path = ProfileModel.swift; sourceTree = "<group>"; };
		954B6FCC2B6AC9F4006A292C /* ServiceTypeEnum.swift */ = {isa = PBXFileReference; lastKnownFileType = sourcecode.swift; path = ServiceTypeEnum.swift; sourceTree = "<group>"; };
		954B6FCE2B6ACD8F006A292C /* AccountModel.swift */ = {isa = PBXFileReference; lastKnownFileType = sourcecode.swift; path = AccountModel.swift; sourceTree = "<group>"; };
		954B6FD02B6ACDE1006A292C /* AccountTypeEnum.swift */ = {isa = PBXFileReference; lastKnownFileType = sourcecode.swift; path = AccountTypeEnum.swift; sourceTree = "<group>"; };
		954B6FD22B6AD2CC006A292C /* Date+Utils.swift */ = {isa = PBXFileReference; lastKnownFileType = sourcecode.swift; path = "Date+Utils.swift"; sourceTree = "<group>"; };
		954B6FD62B6AE0A8006A292C /* ProfileTests.swift */ = {isa = PBXFileReference; lastKnownFileType = sourcecode.swift; path = ProfileTests.swift; sourceTree = "<group>"; };
		9560D0372B6905C300F95927 /* AccountSummaryCell.swift */ = {isa = PBXFileReference; lastKnownFileType = sourcecode.swift; path = AccountSummaryCell.swift; sourceTree = "<group>"; };
		9560D0392B691A3D00F95927 /* Decimal+Util.swift */ = {isa = PBXFileReference; lastKnownFileType = sourcecode.swift; path = "Decimal+Util.swift"; sourceTree = "<group>"; };
		9560D03B2B691A8700F95927 /* CurrencyFormatter.swift */ = {isa = PBXFileReference; lastKnownFileType = sourcecode.swift; path = CurrencyFormatter.swift; sourceTree = "<group>"; };
		9560D0412B692C3B00F95927 /* BankeyUnitTests.xctest */ = {isa = PBXFileReference; explicitFileType = wrapper.cfbundle; includeInIndex = 0; path = BankeyUnitTests.xctest; sourceTree = BUILT_PRODUCTS_DIR; };
		9560D04A2B692CBD00F95927 /* CurrencyFormatterTests.swift */ = {isa = PBXFileReference; lastKnownFileType = sourcecode.swift; path = CurrencyFormatterTests.swift; sourceTree = "<group>"; };
		9560D04C2B694A6E00F95927 /* NSNotificationName.swift */ = {isa = PBXFileReference; lastKnownFileType = sourcecode.swift; path = NSNotificationName.swift; sourceTree = "<group>"; };
		9560D04E2B694C4100F95927 /* UITextField+SecureToggle.swift */ = {isa = PBXFileReference; lastKnownFileType = sourcecode.swift; path = "UITextField+SecureToggle.swift"; sourceTree = "<group>"; };
		9560D0512B6977DB00F95927 /* ShakeyBellView.swift */ = {isa = PBXFileReference; lastKnownFileType = sourcecode.swift; path = ShakeyBellView.swift; sourceTree = "<group>"; };
		957156582B682CA600E21737 /* LocalState.swift */ = {isa = PBXFileReference; lastKnownFileType = sourcecode.swift; path = LocalState.swift; sourceTree = "<group>"; };
		9571565A2B68325100E21737 /* UIViewController+Utils.swift */ = {isa = PBXFileReference; lastKnownFileType = sourcecode.swift; path = "UIViewController+Utils.swift"; sourceTree = "<group>"; };
		9571565C2B68339600E21737 /* MainViewController.swift */ = {isa = PBXFileReference; lastKnownFileType = sourcecode.swift; path = MainViewController.swift; sourceTree = "<group>"; };
		9571565F2B683ED200E21737 /* AccountSummaryViewController.swift */ = {isa = PBXFileReference; lastKnownFileType = sourcecode.swift; path = AccountSummaryViewController.swift; sourceTree = "<group>"; };
		957156612B68426200E21737 /* AccountSummaryHeaderView.swift */ = {isa = PBXFileReference; lastKnownFileType = sourcecode.swift; path = AccountSummaryHeaderView.swift; sourceTree = "<group>"; };
		957156632B68428B00E21737 /* AccountSummaryHeaderView.xib */ = {isa = PBXFileReference; lastKnownFileType = file.xib; path = AccountSummaryHeaderView.xib; sourceTree = "<group>"; };
		958982AF2B72780B006A9E42 /* AccountTests.swift */ = {isa = PBXFileReference; lastKnownFileType = sourcecode.swift; path = AccountTests.swift; sourceTree = "<group>"; };
		958982B12B72AC1F006A9E42 /* SkeletonLoadable.swift */ = {isa = PBXFileReference; lastKnownFileType = sourcecode.swift; path = SkeletonLoadable.swift; sourceTree = "<group>"; };
		958982B32B72ADBB006A9E42 /* SkeletonCell.swift */ = {isa = PBXFileReference; lastKnownFileType = sourcecode.swift; path = SkeletonCell.swift; sourceTree = "<group>"; };
		959ABAF72B65A4510057D0F7 /* Bankey.app */ = {isa = PBXFileReference; explicitFileType = wrapper.application; includeInIndex = 0; path = Bankey.app; sourceTree = BUILT_PRODUCTS_DIR; };
		959ABAFA2B65A4510057D0F7 /* AppDelegate.swift */ = {isa = PBXFileReference; lastKnownFileType = sourcecode.swift; path = AppDelegate.swift; sourceTree = "<group>"; };
		959ABAFE2B65A4510057D0F7 /* LoginViewController.swift */ = {isa = PBXFileReference; lastKnownFileType = sourcecode.swift; path = LoginViewController.swift; sourceTree = "<group>"; };
		959ABB032B65A4520057D0F7 /* Assets.xcassets */ = {isa = PBXFileReference; lastKnownFileType = folder.assetcatalog; path = Assets.xcassets; sourceTree = "<group>"; };
		959ABB062B65A4520057D0F7 /* Base */ = {isa = PBXFileReference; lastKnownFileType = file.storyboard; name = Base; path = Base.lproj/LaunchScreen.storyboard; sourceTree = "<group>"; };
		959ABB082B65A4520057D0F7 /* Info.plist */ = {isa = PBXFileReference; lastKnownFileType = text.plist.xml; path = Info.plist; sourceTree = "<group>"; };
		959ABB102B65A9140057D0F7 /* LoginView.swift */ = {isa = PBXFileReference; lastKnownFileType = sourcecode.swift; path = LoginView.swift; sourceTree = "<group>"; };
		95F3228C2B66EF440000999E /* OnboardingContainerViewController.swift */ = {isa = PBXFileReference; lastKnownFileType = sourcecode.swift; path = OnboardingContainerViewController.swift; sourceTree = "<group>"; };
		95F3228E2B66FA140000999E /* OnboardingViewController.swift */ = {isa = PBXFileReference; lastKnownFileType = sourcecode.swift; path = OnboardingViewController.swift; sourceTree = "<group>"; };
/* End PBXFileReference section */

/* Begin PBXFrameworksBuildPhase section */
		9560D03E2B692C3B00F95927 /* Frameworks */ = {
			isa = PBXFrameworksBuildPhase;
			buildActionMask = 2147483647;
			files = (
			);
			runOnlyForDeploymentPostprocessing = 0;
		};
		959ABAF42B65A4510057D0F7 /* Frameworks */ = {
			isa = PBXFrameworksBuildPhase;
			buildActionMask = 2147483647;
			files = (
			);
			runOnlyForDeploymentPostprocessing = 0;
		};
/* End PBXFrameworksBuildPhase section */

/* Begin PBXGroup section */
		954B6FBA2B6AC778006A292C /* Enum */ = {
			isa = PBXGroup;
			children = (
				954B6FBB2B6AC799006A292C /* NetworkErrorEnum.swift */,
				954B6FCC2B6AC9F4006A292C /* ServiceTypeEnum.swift */,
				954B6FD02B6ACDE1006A292C /* AccountTypeEnum.swift */,
			);
			path = Enum;
			sourceTree = "<group>";
		};
		954B6FBD2B6AC7DC006A292C /* Model */ = {
			isa = PBXGroup;
			children = (
				954B6FBE2B6AC7F2006A292C /* ProfileModel.swift */,
				954B6FCE2B6ACD8F006A292C /* AccountModel.swift */,
			);
			path = Model;
			sourceTree = "<group>";
		};
		954B6FD42B6AE077006A292C /* Utils */ = {
			isa = PBXGroup;
			children = (
				9560D04A2B692CBD00F95927 /* CurrencyFormatterTests.swift */,
			);
			path = Utils;
			sourceTree = "<group>";
		};
		954B6FD52B6AE083006A292C /* AccountSummary */ = {
			isa = PBXGroup;
			children = (
				954B6FD62B6AE0A8006A292C /* ProfileTests.swift */,
				958982AF2B72780B006A9E42 /* AccountTests.swift */,
			);
			path = AccountSummary;
			sourceTree = "<group>";
		};
		9560D0352B69059300F95927 /* Header */ = {
			isa = PBXGroup;
			children = (
				957156612B68426200E21737 /* AccountSummaryHeaderView.swift */,
				957156632B68428B00E21737 /* AccountSummaryHeaderView.xib */,
			);
			path = Header;
			sourceTree = "<group>";
		};
		9560D0362B6905A400F95927 /* Cells */ = {
			isa = PBXGroup;
			children = (
				9560D0372B6905C300F95927 /* AccountSummaryCell.swift */,
				958982B12B72AC1F006A9E42 /* SkeletonLoadable.swift */,
				958982B32B72ADBB006A9E42 /* SkeletonCell.swift */,
			);
			path = Cells;
			sourceTree = "<group>";
		};
		9560D0422B692C3B00F95927 /* BankeyUnitTests */ = {
			isa = PBXGroup;
			children = (
				954B6FD52B6AE083006A292C /* AccountSummary */,
				954B6FD42B6AE077006A292C /* Utils */,
			);
			path = BankeyUnitTests;
			sourceTree = "<group>";
		};
		9560D0502B69772400F95927 /* Components */ = {
			isa = PBXGroup;
			children = (
				9560D0512B6977DB00F95927 /* ShakeyBellView.swift */,
			);
			path = Components;
			sourceTree = "<group>";
		};
		957156572B682C9B00E21737 /* Util */ = {
			isa = PBXGroup;
			children = (
				9571565A2B68325100E21737 /* UIViewController+Utils.swift */,
				9560D0392B691A3D00F95927 /* Decimal+Util.swift */,
				9560D04E2B694C4100F95927 /* UITextField+SecureToggle.swift */,
				957156582B682CA600E21737 /* LocalState.swift */,
				9560D03B2B691A8700F95927 /* CurrencyFormatter.swift */,
				9560D04C2B694A6E00F95927 /* NSNotificationName.swift */,
				954B6FD22B6AD2CC006A292C /* Date+Utils.swift */,
			);
			path = Util;
			sourceTree = "<group>";
		};
		9571565E2B683E6E00E21737 /* AccountSummary */ = {
			isa = PBXGroup;
			children = (
				9571565F2B683ED200E21737 /* AccountSummaryViewController.swift */,
				954B6FB82B6AC75C006A292C /* AccountSummaryViewController+Network.swift */,
				954B6FBD2B6AC7DC006A292C /* Model */,
				9560D0352B69059300F95927 /* Header */,
				9560D0362B6905A400F95927 /* Cells */,
			);
			path = AccountSummary;
			sourceTree = "<group>";
		};
		959ABAEE2B65A4510057D0F7 = {
			isa = PBXGroup;
			children = (
				959ABAF92B65A4510057D0F7 /* Bankey */,
				9560D0422B692C3B00F95927 /* BankeyUnitTests */,
				959ABAF82B65A4510057D0F7 /* Products */,
			);
			sourceTree = "<group>";
		};
		959ABAF82B65A4510057D0F7 /* Products */ = {
			isa = PBXGroup;
			children = (
				959ABAF72B65A4510057D0F7 /* Bankey.app */,
				9560D0412B692C3B00F95927 /* BankeyUnitTests.xctest */,
			);
			name = Products;
			sourceTree = "<group>";
		};
		959ABAF92B65A4510057D0F7 /* Bankey */ = {
			isa = PBXGroup;
			children = (
				959ABAFA2B65A4510057D0F7 /* AppDelegate.swift */,
				9571565C2B68339600E21737 /* MainViewController.swift */,
				954B6FBA2B6AC778006A292C /* Enum */,
				959ABB0F2B65A8E00057D0F7 /* Login */,
				95F3228B2B66EF230000999E /* Onboarding */,
				9571565E2B683E6E00E21737 /* AccountSummary */,
				957156572B682C9B00E21737 /* Util */,
				9560D0502B69772400F95927 /* Components */,
				959ABB0E2B65A8690057D0F7 /* Files */,
			);
			path = Bankey;
			sourceTree = "<group>";
		};
		959ABB0E2B65A8690057D0F7 /* Files */ = {
			isa = PBXGroup;
			children = (
				959ABB032B65A4520057D0F7 /* Assets.xcassets */,
				959ABB052B65A4520057D0F7 /* LaunchScreen.storyboard */,
				959ABB082B65A4520057D0F7 /* Info.plist */,
			);
			name = Files;
			sourceTree = "<group>";
		};
		959ABB0F2B65A8E00057D0F7 /* Login */ = {
			isa = PBXGroup;
			children = (
				959ABAFE2B65A4510057D0F7 /* LoginViewController.swift */,
				959ABB102B65A9140057D0F7 /* LoginView.swift */,
			);
			path = Login;
			sourceTree = "<group>";
		};
		95F3228B2B66EF230000999E /* Onboarding */ = {
			isa = PBXGroup;
			children = (
				95F3228C2B66EF440000999E /* OnboardingContainerViewController.swift */,
				95F3228E2B66FA140000999E /* OnboardingViewController.swift */,
			);
			path = Onboarding;
			sourceTree = "<group>";
		};
/* End PBXGroup section */

/* Begin PBXNativeTarget section */
		9560D0402B692C3B00F95927 /* BankeyUnitTests */ = {
			isa = PBXNativeTarget;
			buildConfigurationList = 9560D0472B692C3B00F95927 /* Build configuration list for PBXNativeTarget "BankeyUnitTests" */;
			buildPhases = (
				9560D03D2B692C3B00F95927 /* Sources */,
				9560D03E2B692C3B00F95927 /* Frameworks */,
				9560D03F2B692C3B00F95927 /* Resources */,
			);
			buildRules = (
			);
			dependencies = (
				9560D0462B692C3B00F95927 /* PBXTargetDependency */,
			);
			name = BankeyUnitTests;
			productName = BankeyUnitTests;
			productReference = 9560D0412B692C3B00F95927 /* BankeyUnitTests.xctest */;
			productType = "com.apple.product-type.bundle.unit-test";
		};
		959ABAF62B65A4510057D0F7 /* Bankey */ = {
			isa = PBXNativeTarget;
			buildConfigurationList = 959ABB0B2B65A4520057D0F7 /* Build configuration list for PBXNativeTarget "Bankey" */;
			buildPhases = (
				959ABAF32B65A4510057D0F7 /* Sources */,
				959ABAF42B65A4510057D0F7 /* Frameworks */,
				959ABAF52B65A4510057D0F7 /* Resources */,
			);
			buildRules = (
			);
			dependencies = (
			);
			name = Bankey;
			productName = Bankey;
			productReference = 959ABAF72B65A4510057D0F7 /* Bankey.app */;
			productType = "com.apple.product-type.application";
		};
/* End PBXNativeTarget section */

/* Begin PBXProject section */
		959ABAEF2B65A4510057D0F7 /* Project object */ = {
			isa = PBXProject;
			attributes = {
				BuildIndependentTargetsInParallel = 1;
				LastSwiftUpdateCheck = 1430;
				LastUpgradeCheck = 1430;
				TargetAttributes = {
					9560D0402B692C3B00F95927 = {
						CreatedOnToolsVersion = 14.3.1;
						LastSwiftMigration = 1430;
						TestTargetID = 959ABAF62B65A4510057D0F7;
					};
					959ABAF62B65A4510057D0F7 = {
						CreatedOnToolsVersion = 14.3.1;
					};
				};
			};
			buildConfigurationList = 959ABAF22B65A4510057D0F7 /* Build configuration list for PBXProject "Bankey" */;
			compatibilityVersion = "Xcode 14.0";
			developmentRegion = en;
			hasScannedForEncodings = 0;
			knownRegions = (
				en,
				Base,
			);
			mainGroup = 959ABAEE2B65A4510057D0F7;
			productRefGroup = 959ABAF82B65A4510057D0F7 /* Products */;
			projectDirPath = "";
			projectRoot = "";
			targets = (
				959ABAF62B65A4510057D0F7 /* Bankey */,
				9560D0402B692C3B00F95927 /* BankeyUnitTests */,
			);
		};
/* End PBXProject section */

/* Begin PBXResourcesBuildPhase section */
		9560D03F2B692C3B00F95927 /* Resources */ = {
			isa = PBXResourcesBuildPhase;
			buildActionMask = 2147483647;
			files = (
			);
			runOnlyForDeploymentPostprocessing = 0;
		};
		959ABAF52B65A4510057D0F7 /* Resources */ = {
			isa = PBXResourcesBuildPhase;
			buildActionMask = 2147483647;
			files = (
				959ABB072B65A4520057D0F7 /* LaunchScreen.storyboard in Resources */,
				959ABB042B65A4520057D0F7 /* Assets.xcassets in Resources */,
				957156642B68428B00E21737 /* AccountSummaryHeaderView.xib in Resources */,
			);
			runOnlyForDeploymentPostprocessing = 0;
		};
/* End PBXResourcesBuildPhase section */

/* Begin PBXSourcesBuildPhase section */
		9560D03D2B692C3B00F95927 /* Sources */ = {
			isa = PBXSourcesBuildPhase;
			buildActionMask = 2147483647;
			files = (
				9560D04B2B692CBD00F95927 /* CurrencyFormatterTests.swift in Sources */,
				958982B02B72780B006A9E42 /* AccountTests.swift in Sources */,
				954B6FD72B6AE0A8006A292C /* ProfileTests.swift in Sources */,
			);
			runOnlyForDeploymentPostprocessing = 0;
		};
		959ABAF32B65A4510057D0F7 /* Sources */ = {
			isa = PBXSourcesBuildPhase;
			buildActionMask = 2147483647;
			files = (
				9571565B2B68325100E21737 /* UIViewController+Utils.swift in Sources */,
				959ABB112B65A9140057D0F7 /* LoginView.swift in Sources */,
				958982B22B72AC1F006A9E42 /* SkeletonLoadable.swift in Sources */,
				957156592B682CA600E21737 /* LocalState.swift in Sources */,
				9560D03A2B691A3D00F95927 /* Decimal+Util.swift in Sources */,
				958982B42B72ADBB006A9E42 /* SkeletonCell.swift in Sources */,
				954B6FBF2B6AC7F2006A292C /* ProfileModel.swift in Sources */,
				957156622B68426200E21737 /* AccountSummaryHeaderView.swift in Sources */,
				954B6FCD2B6AC9F4006A292C /* ServiceTypeEnum.swift in Sources */,
				9560D04F2B694C4100F95927 /* UITextField+SecureToggle.swift in Sources */,
				954B6FD32B6AD2CC006A292C /* Date+Utils.swift in Sources */,
				9560D03C2B691A8700F95927 /* CurrencyFormatter.swift in Sources */,
				9560D04D2B694A6E00F95927 /* NSNotificationName.swift in Sources */,
				954B6FBC2B6AC799006A292C /* NetworkErrorEnum.swift in Sources */,
				959ABAFF2B65A4510057D0F7 /* LoginViewController.swift in Sources */,
				9560D0382B6905C300F95927 /* AccountSummaryCell.swift in Sources */,
				95F3228F2B66FA140000999E /* OnboardingViewController.swift in Sources */,
				954B6FD12B6ACDE1006A292C /* AccountTypeEnum.swift in Sources */,
				9571565D2B68339600E21737 /* MainViewController.swift in Sources */,
				957156602B683ED200E21737 /* AccountSummaryViewController.swift in Sources */,
				954B6FCF2B6ACD8F006A292C /* AccountModel.swift in Sources */,
				959ABAFB2B65A4510057D0F7 /* AppDelegate.swift in Sources */,
				954B6FB92B6AC75C006A292C /* AccountSummaryViewController+Network.swift in Sources */,
				9560D0522B6977DB00F95927 /* ShakeyBellView.swift in Sources */,
				95F3228D2B66EF440000999E /* OnboardingContainerViewController.swift in Sources */,
			);
			runOnlyForDeploymentPostprocessing = 0;
		};
/* End PBXSourcesBuildPhase section */

/* Begin PBXTargetDependency section */
		9560D0462B692C3B00F95927 /* PBXTargetDependency */ = {
			isa = PBXTargetDependency;
			target = 959ABAF62B65A4510057D0F7 /* Bankey */;
			targetProxy = 9560D0452B692C3B00F95927 /* PBXContainerItemProxy */;
		};
/* End PBXTargetDependency section */

/* Begin PBXVariantGroup section */
		959ABB052B65A4520057D0F7 /* LaunchScreen.storyboard */ = {
			isa = PBXVariantGroup;
			children = (
				959ABB062B65A4520057D0F7 /* Base */,
			);
			name = LaunchScreen.storyboard;
			sourceTree = "<group>";
		};
/* End PBXVariantGroup section */

/* Begin XCBuildConfiguration section */
		9560D0482B692C3B00F95927 /* Debug */ = {
			isa = XCBuildConfiguration;
			buildSettings = {
				BUNDLE_LOADER = "$(TEST_HOST)";
				CLANG_ENABLE_MODULES = YES;
				CODE_SIGN_STYLE = Automatic;
				CURRENT_PROJECT_VERSION = 1;
				GENERATE_INFOPLIST_FILE = YES;
				MARKETING_VERSION = 1.0;
				PRODUCT_BUNDLE_IDENTIFIER = com.hamittrpn.BankeyUnitTests;
				PRODUCT_NAME = "$(TARGET_NAME)";
				SWIFT_EMIT_LOC_STRINGS = NO;
				SWIFT_OPTIMIZATION_LEVEL = "-Onone";
				SWIFT_VERSION = 5.0;
				TARGETED_DEVICE_FAMILY = "1,2";
				TEST_HOST = "$(BUILT_PRODUCTS_DIR)/Bankey.app/$(BUNDLE_EXECUTABLE_FOLDER_PATH)/Bankey";
			};
			name = Debug;
		};
		9560D0492B692C3B00F95927 /* Release */ = {
			isa = XCBuildConfiguration;
			buildSettings = {
				BUNDLE_LOADER = "$(TEST_HOST)";
				CLANG_ENABLE_MODULES = YES;
				CODE_SIGN_STYLE = Automatic;
				CURRENT_PROJECT_VERSION = 1;
				GENERATE_INFOPLIST_FILE = YES;
				MARKETING_VERSION = 1.0;
				PRODUCT_BUNDLE_IDENTIFIER = com.hamittrpn.BankeyUnitTests;
				PRODUCT_NAME = "$(TARGET_NAME)";
				SWIFT_EMIT_LOC_STRINGS = NO;
				SWIFT_VERSION = 5.0;
				TARGETED_DEVICE_FAMILY = "1,2";
				TEST_HOST = "$(BUILT_PRODUCTS_DIR)/Bankey.app/$(BUNDLE_EXECUTABLE_FOLDER_PATH)/Bankey";
			};
			name = Release;
		};
		959ABB092B65A4520057D0F7 /* Debug */ = {
			isa = XCBuildConfiguration;
			buildSettings = {
				ALWAYS_SEARCH_USER_PATHS = NO;
				CLANG_ANALYZER_NONNULL = YES;
				CLANG_ANALYZER_NUMBER_OBJECT_CONVERSION = YES_AGGRESSIVE;
				CLANG_CXX_LANGUAGE_STANDARD = "gnu++20";
				CLANG_ENABLE_MODULES = YES;
				CLANG_ENABLE_OBJC_ARC = YES;
				CLANG_ENABLE_OBJC_WEAK = YES;
				CLANG_WARN_BLOCK_CAPTURE_AUTORELEASING = YES;
				CLANG_WARN_BOOL_CONVERSION = YES;
				CLANG_WARN_COMMA = YES;
				CLANG_WARN_CONSTANT_CONVERSION = YES;
				CLANG_WARN_DEPRECATED_OBJC_IMPLEMENTATIONS = YES;
				CLANG_WARN_DIRECT_OBJC_ISA_USAGE = YES_ERROR;
				CLANG_WARN_DOCUMENTATION_COMMENTS = YES;
				CLANG_WARN_EMPTY_BODY = YES;
				CLANG_WARN_ENUM_CONVERSION = YES;
				CLANG_WARN_INFINITE_RECURSION = YES;
				CLANG_WARN_INT_CONVERSION = YES;
				CLANG_WARN_NON_LITERAL_NULL_CONVERSION = YES;
				CLANG_WARN_OBJC_IMPLICIT_RETAIN_SELF = YES;
				CLANG_WARN_OBJC_LITERAL_CONVERSION = YES;
				CLANG_WARN_OBJC_ROOT_CLASS = YES_ERROR;
				CLANG_WARN_QUOTED_INCLUDE_IN_FRAMEWORK_HEADER = YES;
				CLANG_WARN_RANGE_LOOP_ANALYSIS = YES;
				CLANG_WARN_STRICT_PROTOTYPES = YES;
				CLANG_WARN_SUSPICIOUS_MOVE = YES;
				CLANG_WARN_UNGUARDED_AVAILABILITY = YES_AGGRESSIVE;
				CLANG_WARN_UNREACHABLE_CODE = YES;
				CLANG_WARN__DUPLICATE_METHOD_MATCH = YES;
				COPY_PHASE_STRIP = NO;
				DEBUG_INFORMATION_FORMAT = dwarf;
				ENABLE_STRICT_OBJC_MSGSEND = YES;
				ENABLE_TESTABILITY = YES;
				GCC_C_LANGUAGE_STANDARD = gnu11;
				GCC_DYNAMIC_NO_PIC = NO;
				GCC_NO_COMMON_BLOCKS = YES;
				GCC_OPTIMIZATION_LEVEL = 0;
				GCC_PREPROCESSOR_DEFINITIONS = (
					"DEBUG=1",
					"$(inherited)",
				);
				GCC_WARN_64_TO_32_BIT_CONVERSION = YES;
				GCC_WARN_ABOUT_RETURN_TYPE = YES_ERROR;
				GCC_WARN_UNDECLARED_SELECTOR = YES;
				GCC_WARN_UNINITIALIZED_AUTOS = YES_AGGRESSIVE;
				GCC_WARN_UNUSED_FUNCTION = YES;
				GCC_WARN_UNUSED_VARIABLE = YES;
				IPHONEOS_DEPLOYMENT_TARGET = 16.4;
				MTL_ENABLE_DEBUG_INFO = INCLUDE_SOURCE;
				MTL_FAST_MATH = YES;
				ONLY_ACTIVE_ARCH = YES;
				SDKROOT = iphoneos;
				SWIFT_ACTIVE_COMPILATION_CONDITIONS = DEBUG;
				SWIFT_OPTIMIZATION_LEVEL = "-Onone";
			};
			name = Debug;
		};
		959ABB0A2B65A4520057D0F7 /* Release */ = {
			isa = XCBuildConfiguration;
			buildSettings = {
				ALWAYS_SEARCH_USER_PATHS = NO;
				CLANG_ANALYZER_NONNULL = YES;
				CLANG_ANALYZER_NUMBER_OBJECT_CONVERSION = YES_AGGRESSIVE;
				CLANG_CXX_LANGUAGE_STANDARD = "gnu++20";
				CLANG_ENABLE_MODULES = YES;
				CLANG_ENABLE_OBJC_ARC = YES;
				CLANG_ENABLE_OBJC_WEAK = YES;
				CLANG_WARN_BLOCK_CAPTURE_AUTORELEASING = YES;
				CLANG_WARN_BOOL_CONVERSION = YES;
				CLANG_WARN_COMMA = YES;
				CLANG_WARN_CONSTANT_CONVERSION = YES;
				CLANG_WARN_DEPRECATED_OBJC_IMPLEMENTATIONS = YES;
				CLANG_WARN_DIRECT_OBJC_ISA_USAGE = YES_ERROR;
				CLANG_WARN_DOCUMENTATION_COMMENTS = YES;
				CLANG_WARN_EMPTY_BODY = YES;
				CLANG_WARN_ENUM_CONVERSION = YES;
				CLANG_WARN_INFINITE_RECURSION = YES;
				CLANG_WARN_INT_CONVERSION = YES;
				CLANG_WARN_NON_LITERAL_NULL_CONVERSION = YES;
				CLANG_WARN_OBJC_IMPLICIT_RETAIN_SELF = YES;
				CLANG_WARN_OBJC_LITERAL_CONVERSION = YES;
				CLANG_WARN_OBJC_ROOT_CLASS = YES_ERROR;
				CLANG_WARN_QUOTED_INCLUDE_IN_FRAMEWORK_HEADER = YES;
				CLANG_WARN_RANGE_LOOP_ANALYSIS = YES;
				CLANG_WARN_STRICT_PROTOTYPES = YES;
				CLANG_WARN_SUSPICIOUS_MOVE = YES;
				CLANG_WARN_UNGUARDED_AVAILABILITY = YES_AGGRESSIVE;
				CLANG_WARN_UNREACHABLE_CODE = YES;
				CLANG_WARN__DUPLICATE_METHOD_MATCH = YES;
				COPY_PHASE_STRIP = NO;
				DEBUG_INFORMATION_FORMAT = "dwarf-with-dsym";
				ENABLE_NS_ASSERTIONS = NO;
				ENABLE_STRICT_OBJC_MSGSEND = YES;
				GCC_C_LANGUAGE_STANDARD = gnu11;
				GCC_NO_COMMON_BLOCKS = YES;
				GCC_WARN_64_TO_32_BIT_CONVERSION = YES;
				GCC_WARN_ABOUT_RETURN_TYPE = YES_ERROR;
				GCC_WARN_UNDECLARED_SELECTOR = YES;
				GCC_WARN_UNINITIALIZED_AUTOS = YES_AGGRESSIVE;
				GCC_WARN_UNUSED_FUNCTION = YES;
				GCC_WARN_UNUSED_VARIABLE = YES;
				IPHONEOS_DEPLOYMENT_TARGET = 16.4;
				MTL_ENABLE_DEBUG_INFO = NO;
				MTL_FAST_MATH = YES;
				SDKROOT = iphoneos;
				SWIFT_COMPILATION_MODE = wholemodule;
				SWIFT_OPTIMIZATION_LEVEL = "-O";
				VALIDATE_PRODUCT = YES;
			};
			name = Release;
		};
		959ABB0C2B65A4520057D0F7 /* Debug */ = {
			isa = XCBuildConfiguration;
			buildSettings = {
				ASSETCATALOG_COMPILER_APPICON_NAME = AppIcon;
				ASSETCATALOG_COMPILER_GLOBAL_ACCENT_COLOR_NAME = AccentColor;
				CODE_SIGN_STYLE = Automatic;
				CURRENT_PROJECT_VERSION = 1;
				GENERATE_INFOPLIST_FILE = YES;
				INFOPLIST_FILE = Bankey/Info.plist;
				INFOPLIST_KEY_UIApplicationSupportsIndirectInputEvents = YES;
				INFOPLIST_KEY_UILaunchStoryboardName = LaunchScreen;
				INFOPLIST_KEY_UISupportedInterfaceOrientations_iPad = "UIInterfaceOrientationPortrait UIInterfaceOrientationPortraitUpsideDown UIInterfaceOrientationLandscapeLeft UIInterfaceOrientationLandscapeRight";
				INFOPLIST_KEY_UISupportedInterfaceOrientations_iPhone = "UIInterfaceOrientationPortrait UIInterfaceOrientationLandscapeLeft UIInterfaceOrientationLandscapeRight";
				LD_RUNPATH_SEARCH_PATHS = (
					"$(inherited)",
					"@executable_path/Frameworks",
				);
				MARKETING_VERSION = 1.0;
				PRODUCT_BUNDLE_IDENTIFIER = com.hamittrpn.Bankey;
				PRODUCT_NAME = "$(TARGET_NAME)";
				SWIFT_EMIT_LOC_STRINGS = YES;
				SWIFT_VERSION = 5.0;
				TARGETED_DEVICE_FAMILY = "1,2";
			};
			name = Debug;
		};
		959ABB0D2B65A4520057D0F7 /* Release */ = {
			isa = XCBuildConfiguration;
			buildSettings = {
				ASSETCATALOG_COMPILER_APPICON_NAME = AppIcon;
				ASSETCATALOG_COMPILER_GLOBAL_ACCENT_COLOR_NAME = AccentColor;
				CODE_SIGN_STYLE = Automatic;
				CURRENT_PROJECT_VERSION = 1;
				GENERATE_INFOPLIST_FILE = YES;
				INFOPLIST_FILE = Bankey/Info.plist;
				INFOPLIST_KEY_UIApplicationSupportsIndirectInputEvents = YES;
				INFOPLIST_KEY_UILaunchStoryboardName = LaunchScreen;
				INFOPLIST_KEY_UISupportedInterfaceOrientations_iPad = "UIInterfaceOrientationPortrait UIInterfaceOrientationPortraitUpsideDown UIInterfaceOrientationLandscapeLeft UIInterfaceOrientationLandscapeRight";
				INFOPLIST_KEY_UISupportedInterfaceOrientations_iPhone = "UIInterfaceOrientationPortrait UIInterfaceOrientationLandscapeLeft UIInterfaceOrientationLandscapeRight";
				LD_RUNPATH_SEARCH_PATHS = (
					"$(inherited)",
					"@executable_path/Frameworks",
				);
				MARKETING_VERSION = 1.0;
				PRODUCT_BUNDLE_IDENTIFIER = com.hamittrpn.Bankey;
				PRODUCT_NAME = "$(TARGET_NAME)";
				SWIFT_EMIT_LOC_STRINGS = YES;
				SWIFT_VERSION = 5.0;
				TARGETED_DEVICE_FAMILY = "1,2";
			};
			name = Release;
		};
/* End XCBuildConfiguration section */

/* Begin XCConfigurationList section */
		9560D0472B692C3B00F95927 /* Build configuration list for PBXNativeTarget "BankeyUnitTests" */ = {
			isa = XCConfigurationList;
			buildConfigurations = (
				9560D0482B692C3B00F95927 /* Debug */,
				9560D0492B692C3B00F95927 /* Release */,
			);
			defaultConfigurationIsVisible = 0;
			defaultConfigurationName = Release;
		};
		959ABAF22B65A4510057D0F7 /* Build configuration list for PBXProject "Bankey" */ = {
			isa = XCConfigurationList;
			buildConfigurations = (
				959ABB092B65A4520057D0F7 /* Debug */,
				959ABB0A2B65A4520057D0F7 /* Release */,
			);
			defaultConfigurationIsVisible = 0;
			defaultConfigurationName = Release;
		};
		959ABB0B2B65A4520057D0F7 /* Build configuration list for PBXNativeTarget "Bankey" */ = {
			isa = XCConfigurationList;
			buildConfigurations = (
				959ABB0C2B65A4520057D0F7 /* Debug */,
				959ABB0D2B65A4520057D0F7 /* Release */,
			);
			defaultConfigurationIsVisible = 0;
			defaultConfigurationName = Release;
		};
/* End XCConfigurationList section */
	};
	rootObject = 959ABAEF2B65A4510057D0F7 /* Project object */;
}
